
Microsoft Visual Studio Solution File, Format Version 12.00
# Visual Studio 15
VisualStudioVersion = 15.0.28010.2036
MinimumVisualStudioVersion = 10.0.40219.1
Project("{FAE04EC0-301F-11D3-BF4B-00C04F79EFBC}") = "Theta-Bot", "Theta-Bot\Theta-Bot.csproj", "{C4C08745-341A-46DC-A686-B227742AA841}"
EndProject
Global
	GlobalSection(SolutionConfigurationPlatforms) = preSolution
		Debug|Any CPU = Debug|Any CPU
		Release|Any CPU = Release|Any CPU
	EndGlobalSection
	GlobalSection(ProjectConfigurationPlatforms) = postSolution
		{C4C08745-341A-46DC-A686-B227742AA841}.Debug|Any CPU.ActiveCfg = Debug|Any CPU
		{C4C08745-341A-46DC-A686-B227742AA841}.Debug|Any CPU.Build.0 = Debug|Any CPU
		{C4C08745-341A-46DC-A686-B227742AA841}.Release|Any CPU.ActiveCfg = Release|Any CPU
		{C4C08745-341A-46DC-A686-B227742AA841}.Release|Any CPU.Build.0 = Release|Any CPU
	EndGlobalSection
	GlobalSection(SolutionProperties) = preSolution
		HideSolutionNode = FALSE
	EndGlobalSection
	GlobalSection(ExtensibilityGlobals) = postSolution
		SolutionGuid = {90B213DF-C9AD-4C8D-8D3E-27133B0D13FA}
	EndGlobalSection
EndGlobal
