
Microsoft Visual Studio Solution File, Format Version 12.00
# Visual Studio 15
VisualStudioVersion = 15.0.28010.2036
MinimumVisualStudioVersion = 10.0.40219.1
Project("{FAE04EC0-301F-11D3-BF4B-00C04F79EFBC}") = "ThetaBot", "ThetaBot\ThetaBot.csproj", "{14F3891B-1652-42B8-90D2-3034AF1E91B2}"
EndProject
Project("{FAE04EC0-301F-11D3-BF4B-00C04F79EFBC}") = "DataProviders", "DataProviders\DataProviders.csproj", "{22F2AEBF-B77B-45D4-801E-2BD6A9A0723D}"
EndProject
Project("{FAE04EC0-301F-11D3-BF4B-00C04F79EFBC}") = "Models", "Models\Models.csproj", "{C847F5F1-3901-4D67-A7A4-6B89FD341F64}"
EndProject
Project("{FAE04EC0-301F-11D3-BF4B-00C04F79EFBC}") = "TelegramClient", "TelegramClient\TelegramClient.csproj", "{014787BC-7FCD-4C9A-971A-B1949BD0DAC4}"
EndProject
Global
	GlobalSection(SolutionConfigurationPlatforms) = preSolution
		Debug|Any CPU = Debug|Any CPU
		Release|Any CPU = Release|Any CPU
	EndGlobalSection
	GlobalSection(ProjectConfigurationPlatforms) = postSolution
		{14F3891B-1652-42B8-90D2-3034AF1E91B2}.Debug|Any CPU.ActiveCfg = Debug|Any CPU
		{14F3891B-1652-42B8-90D2-3034AF1E91B2}.Debug|Any CPU.Build.0 = Debug|Any CPU
		{14F3891B-1652-42B8-90D2-3034AF1E91B2}.Release|Any CPU.ActiveCfg = Release|Any CPU
		{14F3891B-1652-42B8-90D2-3034AF1E91B2}.Release|Any CPU.Build.0 = Release|Any CPU
		{22F2AEBF-B77B-45D4-801E-2BD6A9A0723D}.Debug|Any CPU.ActiveCfg = Debug|Any CPU
		{22F2AEBF-B77B-45D4-801E-2BD6A9A0723D}.Debug|Any CPU.Build.0 = Debug|Any CPU
		{22F2AEBF-B77B-45D4-801E-2BD6A9A0723D}.Release|Any CPU.ActiveCfg = Release|Any CPU
		{22F2AEBF-B77B-45D4-801E-2BD6A9A0723D}.Release|Any CPU.Build.0 = Release|Any CPU
		{C847F5F1-3901-4D67-A7A4-6B89FD341F64}.Debug|Any CPU.ActiveCfg = Debug|Any CPU
		{C847F5F1-3901-4D67-A7A4-6B89FD341F64}.Debug|Any CPU.Build.0 = Debug|Any CPU
		{C847F5F1-3901-4D67-A7A4-6B89FD341F64}.Release|Any CPU.ActiveCfg = Release|Any CPU
		{C847F5F1-3901-4D67-A7A4-6B89FD341F64}.Release|Any CPU.Build.0 = Release|Any CPU
		{014787BC-7FCD-4C9A-971A-B1949BD0DAC4}.Debug|Any CPU.ActiveCfg = Debug|Any CPU
		{014787BC-7FCD-4C9A-971A-B1949BD0DAC4}.Debug|Any CPU.Build.0 = Debug|Any CPU
		{014787BC-7FCD-4C9A-971A-B1949BD0DAC4}.Release|Any CPU.ActiveCfg = Release|Any CPU
		{014787BC-7FCD-4C9A-971A-B1949BD0DAC4}.Release|Any CPU.Build.0 = Release|Any CPU
	EndGlobalSection
	GlobalSection(SolutionProperties) = preSolution
		HideSolutionNode = FALSE
	EndGlobalSection
	GlobalSection(ExtensibilityGlobals) = postSolution
		SolutionGuid = {85FA582E-E3AB-4776-A1E7-C301621FCFB6}
	EndGlobalSection
EndGlobal
